{
  "_readme": [
    "This file locks the dependencies of your project to a known state",
    "Read more about it at https://getcomposer.org/doc/01-basic-usage.md#installing-dependencies",
    "This file is @generated automatically"
  ],
  "content-hash": "c09824e23c41fae5a2ba87db363dc39c",
  "packages": [
    {
      "name": "doctrine/annotations",
      "version": "v1.8.0",
      "source": {
        "type": "git",
        "url": "https://github.com/doctrine/annotations.git",
        "reference": "904dca4eb10715b92569fbcd79e201d5c349b6bc"
      },
      "dist": {
        "type": "zip",
        "url": "https://api.github.com/repos/doctrine/annotations/zipball/904dca4eb10715b92569fbcd79e201d5c349b6bc",
        "reference": "904dca4eb10715b92569fbcd79e201d5c349b6bc",
        "shasum": ""
      },
      "require": {
        "doctrine/lexer": "1.*",
        "php": "^7.1"
      },
      "require-dev": {
        "doctrine/cache": "1.*",
        "phpunit/phpunit": "^7.5"
      },
      "type": "library",
      "extra": {
        "branch-alias": {
          "dev-master": "1.7.x-dev"
        }
      },
      "autoload": {
        "psr-4": {
          "Doctrine\\Common\\Annotations\\": "lib/Doctrine/Common/Annotations"
        }
      },
      "notification-url": "https://packagist.org/downloads/",
      "license": [
        "MIT"
      ],
      "authors": [
        {
          "name": "Guilherme Blanco",
          "email": "guilhermeblanco@gmail.com"
        },
        {
          "name": "Roman Borschel",
          "email": "roman@code-factory.org"
        },
        {
          "name": "Benjamin Eberlei",
          "email": "kontakt@beberlei.de"
        },
        {
          "name": "Jonathan Wage",
          "email": "jonwage@gmail.com"
        },
        {
          "name": "Johannes Schmitt",
          "email": "schmittjoh@gmail.com"
        }
      ],
      "description": "Docblock Annotations Parser",
      "homepage": "http://www.doctrine-project.org",
      "keywords": [
        "annotations",
        "docblock",
        "parser"
      ],
      "time": "2019-10-01T18:55:10+00:00"
    },
    {
      "name": "doctrine/cache",
      "version": "1.10.0",
      "source": {
        "type": "git",
        "url": "https://github.com/doctrine/cache.git",
        "reference": "382e7f4db9a12dc6c19431743a2b096041bcdd62"
      },
      "dist": {
        "type": "zip",
        "url": "https://api.github.com/repos/doctrine/cache/zipball/382e7f4db9a12dc6c19431743a2b096041bcdd62",
        "reference": "382e7f4db9a12dc6c19431743a2b096041bcdd62",
        "shasum": ""
      },
      "require": {
        "php": "~7.1"
      },
      "conflict": {
        "doctrine/common": ">2.2,<2.4"
      },
      "require-dev": {
        "alcaeus/mongo-php-adapter": "^1.1",
        "doctrine/coding-standard": "^6.0",
        "mongodb/mongodb": "^1.1",
        "phpunit/phpunit": "^7.0",
        "predis/predis": "~1.0"
      },
      "suggest": {
        "alcaeus/mongo-php-adapter": "Required to use legacy MongoDB driver"
      },
      "type": "library",
      "extra": {
        "branch-alias": {
          "dev-master": "1.9.x-dev"
        }
      },
      "autoload": {
        "psr-4": {
          "Doctrine\\Common\\Cache\\": "lib/Doctrine/Common/Cache"
        }
      },
      "notification-url": "https://packagist.org/downloads/",
      "license": [
        "MIT"
      ],
      "authors": [
        {
          "name": "Guilherme Blanco",
          "email": "guilhermeblanco@gmail.com"
        },
        {
          "name": "Roman Borschel",
          "email": "roman@code-factory.org"
        },
        {
          "name": "Benjamin Eberlei",
          "email": "kontakt@beberlei.de"
        },
        {
          "name": "Jonathan Wage",
          "email": "jonwage@gmail.com"
        },
        {
          "name": "Johannes Schmitt",
          "email": "schmittjoh@gmail.com"
        }
      ],
      "description": "PHP Doctrine Cache library is a popular cache implementation that supports many different drivers such as redis, memcache, apc, mongodb and others.",
      "homepage": "https://www.doctrine-project.org/projects/cache.html",
      "keywords": [
        "abstraction",
        "apcu",
        "cache",
        "caching",
        "couchdb",
        "memcached",
        "php",
        "redis",
        "xcache"
      ],
      "time": "2019-11-29T15:36:20+00:00"
    },
    {
      "name": "doctrine/lexer",
      "version": "1.0.2",
      "source": {
        "type": "git",
        "url": "https://github.com/doctrine/lexer.git",
        "reference": "1febd6c3ef84253d7c815bed85fc622ad207a9f8"
      },
      "dist": {
        "type": "zip",
        "url": "https://api.github.com/repos/doctrine/lexer/zipball/1febd6c3ef84253d7c815bed85fc622ad207a9f8",
        "reference": "1febd6c3ef84253d7c815bed85fc622ad207a9f8",
        "shasum": ""
      },
      "require": {
        "php": ">=5.3.2"
      },
      "require-dev": {
        "phpunit/phpunit": "^4.5"
      },
      "type": "library",
      "extra": {
        "branch-alias": {
          "dev-master": "1.0.x-dev"
        }
      },
      "autoload": {
        "psr-4": {
          "Doctrine\\Common\\Lexer\\": "lib/Doctrine/Common/Lexer"
        }
      },
      "notification-url": "https://packagist.org/downloads/",
      "license": [
        "MIT"
      ],
      "authors": [
        {
          "name": "Roman Borschel",
          "email": "roman@code-factory.org"
        },
        {
          "name": "Guilherme Blanco",
          "email": "guilhermeblanco@gmail.com"
        },
        {
          "name": "Johannes Schmitt",
          "email": "schmittjoh@gmail.com"
        }
      ],
      "description": "PHP Doctrine Lexer parser library that can be used in Top-Down, Recursive Descent Parsers.",
      "homepage": "https://www.doctrine-project.org/projects/lexer.html",
      "keywords": [
        "annotations",
        "docblock",
        "lexer",
        "parser",
        "php"
      ],
      "time": "2019-06-08T11:03:04+00:00"
    },
    {
      "name": "goaop/framework",
      "version": "2.3.3",
      "source": {
        "type": "git",
        "url": "https://github.com/goaop/framework.git",
        "reference": "f7fa0b3ddc0358a9f059f4709883323f0d0cc82f"
      },
      "dist": {
        "type": "zip",
        "url": "https://api.github.com/repos/goaop/framework/zipball/f7fa0b3ddc0358a9f059f4709883323f0d0cc82f",
        "reference": "f7fa0b3ddc0358a9f059f4709883323f0d0cc82f",
        "shasum": ""
      },
      "require": {
        "doctrine/annotations": "^1.2.3",
        "doctrine/cache": "^1.5",
        "goaop/parser-reflection": "~2.0",
        "jakubledl/dissect": "~1.0",
        "php": "~7.0",
        "symfony/finder": "^3.4|^4.2"
      },
      "require-dev": {
        "adlawson/vfs": "^0.12",
        "doctrine/orm": "^2.5",
        "phpunit/phpunit": "^5.7",
        "symfony/console": "^2.7|^3.0",
        "symfony/filesystem": "^3.3",
        "symfony/process": "^3.3",
        "webmozart/glob": "^4.1"
      },
      "suggest": {
        "symfony/console": "Enables the usage of the command-line tool."
      },
      "bin": [
        "bin/aspect"
      ],
      "type": "library",
      "extra": {
        "branch-alias": {
          "dev-master": "2.0-dev"
        }
      },
      "autoload": {
        "psr-4": {
          "Go\\": "src/"
        }
      },
      "notification-url": "https://packagist.org/downloads/",
      "license": [
        "MIT"
      ],
      "authors": [
        {
          "name": "Lisachenko Alexander",
          "homepage": "https://github.com/lisachenko"
        }
      ],
      "description": "Framework for aspect-oriented programming in PHP.",
      "homepage": "http://go.aopphp.com/",
      "keywords": [
        "aop",
        "aspect",
        "library",
        "php"
      ],
      "time": "2019-08-13T12:58:30+00:00"
    },
    {
      "name": "goaop/parser-reflection",
      "version": "2.1.0",
      "source": {
        "type": "git",
        "url": "https://github.com/goaop/parser-reflection.git",
        "reference": "6af734c8c9212d12317ae86e10dc22dd40c72f9a"
      },
      "dist": {
        "type": "zip",
        "url": "https://api.github.com/repos/goaop/parser-reflection/zipball/6af734c8c9212d12317ae86e10dc22dd40c72f9a",
        "reference": "6af734c8c9212d12317ae86e10dc22dd40c72f9a",
        "shasum": ""
      },
      "require": {
        "nikic/php-parser": "^4.0",
        "php": ">=7.1"
      },
      "require-dev": {
        "phpunit/phpunit": "~4.0"
      },
      "type": "library",
      "extra": {
        "branch-alias": {
          "dev-master": "2.x-dev"
        }
      },
      "autoload": {
        "psr-4": {
          "Go\\ParserReflection\\": "src"
        },
        "files": [
          "src/bootstrap.php"
        ],
        "exclude-from-classmap": [
          "/tests/"
        ]
      },
      "notification-url": "https://packagist.org/downloads/",
      "license": [
        "MIT"
      ],
      "authors": [
        {
          "name": "Alexander Lisachenko",
          "email": "lisachenko.it@gmail.com"
        }
      ],
      "description": "Provides reflection information, based on raw source",
      "time": "2019-12-04T15:43:28+00:00"
    },
    {
      "name": "jakubledl/dissect",
      "version": "v1.0.1",
      "source": {
        "type": "git",
        "url": "https://github.com/jakubledl/dissect.git",
        "reference": "d3a391de31e45a247e95cef6cf58a91c05af67c4"
      },
      "dist": {
        "type": "zip",
        "url": "https://api.github.com/repos/jakubledl/dissect/zipball/d3a391de31e45a247e95cef6cf58a91c05af67c4",
        "reference": "d3a391de31e45a247e95cef6cf58a91c05af67c4",
        "shasum": ""
      },
      "require": {
        "php": ">=5.3.3"
      },
      "require-dev": {
        "symfony/console": "~2.1"
      },
      "suggest": {
        "symfony/console": "for the command-line tool"
      },
      "bin": [
        "bin/dissect.php",
        "bin/dissect"
      ],
      "type": "library",
      "autoload": {
        "psr-0": {
          "Dissect": [
            "src/"
          ]
        }
      },
      "notification-url": "https://packagist.org/downloads/",
      "license": [
        "unlicense"
      ],
      "authors": [
        {
          "name": "Jakub Lédl",
          "email": "jakubledl@gmail.com"
        }
      ],
      "description": "Lexing and parsing in pure PHP",
      "homepage": "https://github.com/jakubledl/dissect",
      "keywords": [
        "ast",
        "lexing",
        "parser",
        "parsing"
      ],
      "time": "2013-01-29T21:29:14+00:00"
    },
    {
      "name": "nikic/php-parser",
      "version": "v4.3.0",
      "source": {
        "type": "git",
        "url": "https://github.com/nikic/PHP-Parser.git",
        "reference": "9a9981c347c5c49d6dfe5cf826bb882b824080dc"
      },
      "dist": {
        "type": "zip",
        "url": "https://api.github.com/repos/nikic/PHP-Parser/zipball/9a9981c347c5c49d6dfe5cf826bb882b824080dc",
        "reference": "9a9981c347c5c49d6dfe5cf826bb882b824080dc",
        "shasum": ""
      },
      "require": {
        "ext-tokenizer": "*",
        "php": ">=7.0"
      },
      "require-dev": {
        "ircmaxell/php-yacc": "0.0.5",
        "phpunit/phpunit": "^6.5 || ^7.0 || ^8.0"
      },
      "bin": [
        "bin/php-parse"
      ],
      "type": "library",
      "extra": {
        "branch-alias": {
          "dev-master": "4.3-dev"
        }
      },
      "autoload": {
        "psr-4": {
          "PhpParser\\": "lib/PhpParser"
        }
      },
      "notification-url": "https://packagist.org/downloads/",
      "license": [
        "BSD-3-Clause"
      ],
      "authors": [
        {
          "name": "Nikita Popov"
        }
      ],
      "description": "A PHP parser written in PHP",
      "keywords": [
        "parser",
        "php"
      ],
      "time": "2019-11-08T13:50:10+00:00"
    },
    {
      "name": "symfony/finder",
      "version": "v4.4.1",
      "source": {
        "type": "git",
        "url": "https://github.com/symfony/finder.git",
        "reference": "ce8743441da64c41e2a667b8eb66070444ed911e"
      },
      "dist": {
        "type": "zip",
        "url": "https://api.github.com/repos/symfony/finder/zipball/ce8743441da64c41e2a667b8eb66070444ed911e",
        "reference": "ce8743441da64c41e2a667b8eb66070444ed911e",
        "shasum": ""
      },
      "require": {
        "php": "^7.1.3"
      },
      "type": "library",
      "extra": {
        "branch-alias": {
          "dev-master": "4.4-dev"
        }
      },
      "autoload": {
        "psr-4": {
          "Symfony\\Component\\Finder\\": ""
        },
        "exclude-from-classmap": [
          "/Tests/"
        ]
      },
      "notification-url": "https://packagist.org/downloads/",
      "license": [
        "MIT"
      ],
      "authors": [
        {
          "name": "Fabien Potencier",
          "email": "fabien@symfony.com"
        },
        {
          "name": "Symfony Community",
          "homepage": "https://symfony.com/contributors"
        }
      ],
      "description": "Symfony Finder Component",
      "homepage": "https://symfony.com",
      "time": "2019-11-17T21:56:56+00:00"
    }
  ],
  "packages-dev": [],
  "aliases": [],
  "minimum-stability": "stable",
  "stability-flags": [],
  "prefer-stable": false,
  "prefer-lowest": false,
  "platform": {
    "php": "^7.1"
  },
  "platform-dev": []
}
